
Microsoft Visual Studio Solution File, Format Version 12.00
# Visual Studio Version 17
VisualStudioVersion = 17.11.35312.102
MinimumVisualStudioVersion = 10.0.40219.1
Project("{FAE04EC0-301F-11D3-BF4B-00C04F79EFBC}") = "EventSystem", "EventSystem\EventSystem.csproj", "{556666E0-2DB4-40C1-8CE1-E0CF3380C446}"
EndProject
Project("{2150E333-8FDC-42A3-9474-1A3956D46DE8}") = "EventSystem.Web", "EventSystem.Web", "{00C673BE-6B1F-45D3-A1B4-81780EE20DDE}"
EndProject
Project("{2150E333-8FDC-42A3-9474-1A3956D46DE8}") = "EventSystem.Domain", "EventSystem.Domain", "{9D4F40EB-F5FE-4F3F-81FD-2FD112938D45}"
EndProject
Project("{2150E333-8FDC-42A3-9474-1A3956D46DE8}") = "EventSystem.DataAccess", "EventSystem.DataAccess", "{137A9BDB-2253-42CE-AC12-FE6F40F9B515}"
EndProject
Project("{2150E333-8FDC-42A3-9474-1A3956D46DE8}") = "EventSystem.Business", "EventSystem.Business", "{48EF8C80-759F-4436-95B9-4B6719AF2528}"
EndProject
Project("{FAE04EC0-301F-11D3-BF4B-00C04F79EFBC}") = "EventSystem.Data", "EventSystem.Data\EventSystem.Data.csproj", "{689A6239-87DC-46FF-B34F-0339DCE5899D}"
EndProject
Global
	GlobalSection(SolutionConfigurationPlatforms) = preSolution
		Debug|Any CPU = Debug|Any CPU
		Release|Any CPU = Release|Any CPU
	EndGlobalSection
	GlobalSection(ProjectConfigurationPlatforms) = postSolution
		{556666E0-2DB4-40C1-8CE1-E0CF3380C446}.Debug|Any CPU.ActiveCfg = Debug|Any CPU
		{556666E0-2DB4-40C1-8CE1-E0CF3380C446}.Debug|Any CPU.Build.0 = Debug|Any CPU
		{556666E0-2DB4-40C1-8CE1-E0CF3380C446}.Release|Any CPU.ActiveCfg = Release|Any CPU
		{556666E0-2DB4-40C1-8CE1-E0CF3380C446}.Release|Any CPU.Build.0 = Release|Any CPU
		{689A6239-87DC-46FF-B34F-0339DCE5899D}.Debug|Any CPU.ActiveCfg = Debug|Any CPU
		{689A6239-87DC-46FF-B34F-0339DCE5899D}.Debug|Any CPU.Build.0 = Debug|Any CPU
		{689A6239-87DC-46FF-B34F-0339DCE5899D}.Release|Any CPU.ActiveCfg = Release|Any CPU
		{689A6239-87DC-46FF-B34F-0339DCE5899D}.Release|Any CPU.Build.0 = Release|Any CPU
	EndGlobalSection
	GlobalSection(SolutionProperties) = preSolution
		HideSolutionNode = FALSE
	EndGlobalSection
	GlobalSection(NestedProjects) = preSolution
		{556666E0-2DB4-40C1-8CE1-E0CF3380C446} = {00C673BE-6B1F-45D3-A1B4-81780EE20DDE}
		{689A6239-87DC-46FF-B34F-0339DCE5899D} = {9D4F40EB-F5FE-4F3F-81FD-2FD112938D45}
	EndGlobalSection
	GlobalSection(ExtensibilityGlobals) = postSolution
		SolutionGuid = {C2FE8746-E85F-4FC1-A962-6E3DD2A8887E}
	EndGlobalSection
EndGlobal
